
Microsoft Visual Studio Solution File, Format Version 12.00
# Visual Studio 15
VisualStudioVersion = 15.0.28307.271
MinimumVisualStudioVersion = 10.0.40219.1
Project("{FAE04EC0-301F-11D3-BF4B-00C04F79EFBC}") = "DBLoadSave", "DBLoadSave\DBLoadSave.csproj", "{80D92BA8-8729-496E-8DAC-C7146151CC02}"
EndProject
Global
	GlobalSection(SolutionConfigurationPlatforms) = preSolution
		Debug|Any CPU = Debug|Any CPU
		Release|Any CPU = Release|Any CPU
	EndGlobalSection
	GlobalSection(ProjectConfigurationPlatforms) = postSolution
		{80D92BA8-8729-496E-8DAC-C7146151CC02}.Debug|Any CPU.ActiveCfg = Debug|Any CPU
		{80D92BA8-8729-496E-8DAC-C7146151CC02}.Debug|Any CPU.Build.0 = Debug|Any CPU
		{80D92BA8-8729-496E-8DAC-C7146151CC02}.Release|Any CPU.ActiveCfg = Release|Any CPU
		{80D92BA8-8729-496E-8DAC-C7146151CC02}.Release|Any CPU.Build.0 = Release|Any CPU
	EndGlobalSection
	GlobalSection(SolutionProperties) = preSolution
		HideSolutionNode = FALSE
	EndGlobalSection
	GlobalSection(ExtensibilityGlobals) = postSolution
		SolutionGuid = {3ECCFCF7-7430-45C1-A859-C885D0E61AB2}
	EndGlobalSection
EndGlobal
